// !$*UTF8*$!
{
	archiveVersion = 1;
	classes = {
	};
	objectVersion = 55;
	objects = {

/* Begin PBXBuildFile section */
		27BCC423278BCE380025D057 /* AppDelegate.m in Sources */ = {isa = PBXBuildFile; fileRef = 27BCC422278BCE380025D057 /* AppDelegate.m */; };
		27BCC426278BCE380025D057 /* SceneDelegate.m in Sources */ = {isa = PBXBuildFile; fileRef = 27BCC425278BCE380025D057 /* SceneDelegate.m */; };
		27BCC429278BCE380025D057 /* ViewController.m in Sources */ = {isa = PBXBuildFile; fileRef = 27BCC428278BCE380025D057 /* ViewController.m */; };
		27BCC42C278BCE380025D057 /* Main.storyboard in Resources */ = {isa = PBXBuildFile; fileRef = 27BCC42A278BCE380025D057 /* Main.storyboard */; };
		27BCC42E278BCE3A0025D057 /* Assets.xcassets in Resources */ = {isa = PBXBuildFile; fileRef = 27BCC42D278BCE3A0025D057 /* Assets.xcassets */; };
		27BCC431278BCE3A0025D057 /* LaunchScreen.storyboard in Resources */ = {isa = PBXBuildFile; fileRef = 27BCC42F278BCE3A0025D057 /* LaunchScreen.storyboard */; };
		27BCC434278BCE3A0025D057 /* main.m in Sources */ = {isa = PBXBuildFile; fileRef = 27BCC433278BCE3A0025D057 /* main.m */; };
		27BCC43E278BCE3A0025D057 /* MboxTestProjTests.m in Sources */ = {isa = PBXBuildFile; fileRef = 27BCC43D278BCE3A0025D057 /* MboxTestProjTests.m */; };
		27BCC448278BCE3A0025D057 /* MboxTestProjUITests.m in Sources */ = {isa = PBXBuildFile; fileRef = 27BCC447278BCE3A0025D057 /* MboxTestProjUITests.m */; };
		27BCC44A278BCE3A0025D057 /* MboxTestProjUITestsLaunchTests.m in Sources */ = {isa = PBXBuildFile; fileRef = 27BCC449278BCE3A0025D057 /* MboxTestProjUITestsLaunchTests.m */; };
/* End PBXBuildFile section */

/* Begin PBXContainerItemProxy section */
		27BCC43A278BCE3A0025D057 /* PBXContainerItemProxy */ = {
			isa = PBXContainerItemProxy;
			containerPortal = 27BCC416278BCE380025D057 /* Project object */;
			proxyType = 1;
			remoteGlobalIDString = 27BCC41D278BCE380025D057;
			remoteInfo = MboxTestProj;
		};
		27BCC444278BCE3A0025D057 /* PBXContainerItemProxy */ = {
			isa = PBXContainerItemProxy;
			containerPortal = 27BCC416278BCE380025D057 /* Project object */;
			proxyType = 1;
			remoteGlobalIDString = 27BCC41D278BCE380025D057;
			remoteInfo = MboxTestProj;
		};
/* End PBXContainerItemProxy section */

/* Begin PBXFileReference section */
		27BCC41E278BCE380025D057 /* MboxTestProj.app */ = {isa = PBXFileReference; explicitFileType = wrapper.application; includeInIndex = 0; path = MboxTestProj.app; sourceTree = BUILT_PRODUCTS_DIR; };
		27BCC421278BCE380025D057 /* AppDelegate.h */ = {isa = PBXFileReference; lastKnownFileType = sourcecode.c.h; path = AppDelegate.h; sourceTree = "<group>"; };
		27BCC422278BCE380025D057 /* AppDelegate.m */ = {isa = PBXFileReference; lastKnownFileType = sourcecode.c.objc; path = AppDelegate.m; sourceTree = "<group>"; };
		27BCC424278BCE380025D057 /* SceneDelegate.h */ = {isa = PBXFileReference; lastKnownFileType = sourcecode.c.h; path = SceneDelegate.h; sourceTree = "<group>"; };
		27BCC425278BCE380025D057 /* SceneDelegate.m */ = {isa = PBXFileReference; lastKnownFileType = sourcecode.c.objc; path = SceneDelegate.m; sourceTree = "<group>"; };
		27BCC427278BCE380025D057 /* ViewController.h */ = {isa = PBXFileReference; lastKnownFileType = sourcecode.c.h; path = ViewController.h; sourceTree = "<group>"; };
		27BCC428278BCE380025D057 /* ViewController.m */ = {isa = PBXFileReference; lastKnownFileType = sourcecode.c.objc; path = ViewController.m; sourceTree = "<group>"; };
		27BCC42B278BCE380025D057 /* Base */ = {isa = PBXFileReference; lastKnownFileType = file.storyboard; name = Base; path = Base.lproj/Main.storyboard; sourceTree = "<group>"; };
		27BCC42D278BCE3A0025D057 /* Assets.xcassets */ = {isa = PBXFileReference; lastKnownFileType = folder.assetcatalog; path = Assets.xcassets; sourceTree = "<group>"; };
		27BCC430278BCE3A0025D057 /* Base */ = {isa = PBXFileReference; lastKnownFileType = file.storyboard; name = Base; path = Base.lproj/LaunchScreen.storyboard; sourceTree = "<group>"; };
		27BCC432278BCE3A0025D057 /* Info.plist */ = {isa = PBXFileReference; lastKnownFileType = text.plist.xml; path = Info.plist; sourceTree = "<group>"; };
		27BCC433278BCE3A0025D057 /* main.m */ = {isa = PBXFileReference; lastKnownFileType = sourcecode.c.objc; path = main.m; sourceTree = "<group>"; };
		27BCC439278BCE3A0025D057 /* MboxTestProjTests.xctest */ = {isa = PBXFileReference; explicitFileType = wrapper.cfbundle; includeInIndex = 0; path = MboxTestProjTests.xctest; sourceTree = BUILT_PRODUCTS_DIR; };
		27BCC43D278BCE3A0025D057 /* MboxTestProjTests.m */ = {isa = PBXFileReference; lastKnownFileType = sourcecode.c.objc; path = MboxTestProjTests.m; sourceTree = "<group>"; };
		27BCC443278BCE3A0025D057 /* MboxTestProjUITests.xctest */ = {isa = PBXFileReference; explicitFileType = wrapper.cfbundle; includeInIndex = 0; path = MboxTestProjUITests.xctest; sourceTree = BUILT_PRODUCTS_DIR; };
		27BCC447278BCE3A0025D057 /* MboxTestProjUITests.m */ = {isa = PBXFileReference; lastKnownFileType = sourcecode.c.objc; path = MboxTestProjUITests.m; sourceTree = "<group>"; };
		27BCC449278BCE3A0025D057 /* MboxTestProjUITestsLaunchTests.m */ = {isa = PBXFileReference; lastKnownFileType = sourcecode.c.objc; path = MboxTestProjUITestsLaunchTests.m; sourceTree = "<group>"; };
/* End PBXFileReference section */

/* Begin PBXFrameworksBuildPhase section */
		27BCC41B278BCE380025D057 /* Frameworks */ = {
			isa = PBXFrameworksBuildPhase;
			buildActionMask = 2147483647;
			files = (
			);
			runOnlyForDeploymentPostprocessing = 0;
		};
		27BCC436278BCE3A0025D057 /* Frameworks */ = {
			isa = PBXFrameworksBuildPhase;
			buildActionMask = 2147483647;
			files = (
			);
			runOnlyForDeploymentPostprocessing = 0;
		};
		27BCC440278BCE3A0025D057 /* Frameworks */ = {
			isa = PBXFrameworksBuildPhase;
			buildActionMask = 2147483647;
			files = (
			);
			runOnlyForDeploymentPostprocessing = 0;
		};
/* End PBXFrameworksBuildPhase section */

/* Begin PBXGroup section */
		27BCC415278BCE380025D057 = {
			isa = PBXGroup;
			children = (
				27BCC420278BCE380025D057 /* MboxTestProj */,
				27BCC43C278BCE3A0025D057 /* MboxTestProjTests */,
				27BCC446278BCE3A0025D057 /* MboxTestProjUITests */,
				27BCC41F278BCE380025D057 /* Products */,
			);
			sourceTree = "<group>";
		};
		27BCC41F278BCE380025D057 /* Products */ = {
			isa = PBXGroup;
			children = (
				27BCC41E278BCE380025D057 /* MboxTestProj.app */,
				27BCC439278BCE3A0025D057 /* MboxTestProjTests.xctest */,
				27BCC443278BCE3A0025D057 /* MboxTestProjUITests.xctest */,
			);
			name = Products;
			sourceTree = "<group>";
		};
		27BCC420278BCE380025D057 /* MboxTestProj */ = {
			isa = PBXGroup;
			children = (
				27BCC421278BCE380025D057 /* AppDelegate.h */,
				27BCC422278BCE380025D057 /* AppDelegate.m */,
				27BCC424278BCE380025D057 /* SceneDelegate.h */,
				27BCC425278BCE380025D057 /* SceneDelegate.m */,
				27BCC427278BCE380025D057 /* ViewController.h */,
				27BCC428278BCE380025D057 /* ViewController.m */,
				27BCC42A278BCE380025D057 /* Main.storyboard */,
				27BCC42D278BCE3A0025D057 /* Assets.xcassets */,
				27BCC42F278BCE3A0025D057 /* LaunchScreen.storyboard */,
				27BCC432278BCE3A0025D057 /* Info.plist */,
				27BCC433278BCE3A0025D057 /* main.m */,
			);
			path = MboxTestProj;
			sourceTree = "<group>";
		};
		27BCC43C278BCE3A0025D057 /* MboxTestProjTests */ = {
			isa = PBXGroup;
			children = (
				27BCC43D278BCE3A0025D057 /* MboxTestProjTests.m */,
			);
			path = MboxTestProjTests;
			sourceTree = "<group>";
		};
		27BCC446278BCE3A0025D057 /* MboxTestProjUITests */ = {
			isa = PBXGroup;
			children = (
				27BCC447278BCE3A0025D057 /* MboxTestProjUITests.m */,
				27BCC449278BCE3A0025D057 /* MboxTestProjUITestsLaunchTests.m */,
			);
			path = MboxTestProjUITests;
			sourceTree = "<group>";
		};
/* End PBXGroup section */

/* Begin PBXNativeTarget section */
		27BCC41D278BCE380025D057 /* MboxTestProj */ = {
			isa = PBXNativeTarget;
			buildConfigurationList = 27BCC44D278BCE3A0025D057 /* Build configuration list for PBXNativeTarget "MboxTestProj" */;
			buildPhases = (
				27BCC41A278BCE380025D057 /* Sources */,
				27BCC41B278BCE380025D057 /* Frameworks */,
				27BCC41C278BCE380025D057 /* Resources */,
			);
			buildRules = (
			);
			dependencies = (
			);
			name = MboxTestProj;
			productName = MboxTestProj;
			productReference = 27BCC41E278BCE380025D057 /* MboxTestProj.app */;
			productType = "com.apple.product-type.application";
		};
		27BCC438278BCE3A0025D057 /* MboxTestProjTests */ = {
			isa = PBXNativeTarget;
			buildConfigurationList = 27BCC450278BCE3A0025D057 /* Build configuration list for PBXNativeTarget "MboxTestProjTests" */;
			buildPhases = (
				27BCC435278BCE3A0025D057 /* Sources */,
				27BCC436278BCE3A0025D057 /* Frameworks */,
				27BCC437278BCE3A0025D057 /* Resources */,
			);
			buildRules = (
			);
			dependencies = (
				27BCC43B278BCE3A0025D057 /* PBXTargetDependency */,
			);
			name = MboxTestProjTests;
			productName = MboxTestProjTests;
			productReference = 27BCC439278BCE3A0025D057 /* MboxTestProjTests.xctest */;
			productType = "com.apple.product-type.bundle.unit-test";
		};
		27BCC442278BCE3A0025D057 /* MboxTestProjUITests */ = {
			isa = PBXNativeTarget;
			buildConfigurationList = 27BCC453278BCE3A0025D057 /* Build configuration list for PBXNativeTarget "MboxTestProjUITests" */;
			buildPhases = (
				27BCC43F278BCE3A0025D057 /* Sources */,
				27BCC440278BCE3A0025D057 /* Frameworks */,
				27BCC441278BCE3A0025D057 /* Resources */,
			);
			buildRules = (
			);
			dependencies = (
				27BCC445278BCE3A0025D057 /* PBXTargetDependency */,
			);
			name = MboxTestProjUITests;
			productName = MboxTestProjUITests;
			productReference = 27BCC443278BCE3A0025D057 /* MboxTestProjUITests.xctest */;
			productType = "com.apple.product-type.bundle.ui-testing";
		};
/* End PBXNativeTarget section */

/* Begin PBXProject section */
		27BCC416278BCE380025D057 /* Project object */ = {
			isa = PBXProject;
			attributes = {
				BuildIndependentTargetsInParallel = 1;
				LastUpgradeCheck = 1320;
				TargetAttributes = {
					27BCC41D278BCE380025D057 = {
						CreatedOnToolsVersion = 13.2.1;
					};
					27BCC438278BCE3A0025D057 = {
						CreatedOnToolsVersion = 13.2.1;
						TestTargetID = 27BCC41D278BCE380025D057;
					};
					27BCC442278BCE3A0025D057 = {
						CreatedOnToolsVersion = 13.2.1;
						TestTargetID = 27BCC41D278BCE380025D057;
					};
				};
			};
			buildConfigurationList = 27BCC419278BCE380025D057 /* Build configuration list for PBXProject "MboxTestProj" */;
			compatibilityVersion = "Xcode 13.0";
			developmentRegion = en;
			hasScannedForEncodings = 0;
			knownRegions = (
				en,
				Base,
			);
			mainGroup = 27BCC415278BCE380025D057;
			productRefGroup = 27BCC41F278BCE380025D057 /* Products */;
			projectDirPath = "";
			projectRoot = "";
			targets = (
				27BCC41D278BCE380025D057 /* MboxTestProj */,
				27BCC438278BCE3A0025D057 /* MboxTestProjTests */,
				27BCC442278BCE3A0025D057 /* MboxTestProjUITests */,
			);
		};
/* End PBXProject section */

/* Begin PBXResourcesBuildPhase section */
		27BCC41C278BCE380025D057 /* Resources */ = {
			isa = PBXResourcesBuildPhase;
			buildActionMask = 2147483647;
			files = (
				27BCC431278BCE3A0025D057 /* LaunchScreen.storyboard in Resources */,
				27BCC42E278BCE3A0025D057 /* Assets.xcassets in Resources */,
				27BCC42C278BCE380025D057 /* Main.storyboard in Resources */,
			);
			runOnlyForDeploymentPostprocessing = 0;
		};
		27BCC437278BCE3A0025D057 /* Resources */ = {
			isa = PBXResourcesBuildPhase;
			buildActionMask = 2147483647;
			files = (
			);
			runOnlyForDeploymentPostprocessing = 0;
		};
		27BCC441278BCE3A0025D057 /* Resources */ = {
			isa = PBXResourcesBuildPhase;
			buildActionMask = 2147483647;
			files = (
			);
			runOnlyForDeploymentPostprocessing = 0;
		};
/* End PBXResourcesBuildPhase section */

/* Begin PBXSourcesBuildPhase section */
		27BCC41A278BCE380025D057 /* Sources */ = {
			isa = PBXSourcesBuildPhase;
			buildActionMask = 2147483647;
			files = (
				27BCC429278BCE380025D057 /* ViewController.m in Sources */,
				27BCC423278BCE380025D057 /* AppDelegate.m in Sources */,
				27BCC434278BCE3A0025D057 /* main.m in Sources */,
				27BCC426278BCE380025D057 /* SceneDelegate.m in Sources */,
			);
			runOnlyForDeploymentPostprocessing = 0;
		};
		27BCC435278BCE3A0025D057 /* Sources */ = {
			isa = PBXSourcesBuildPhase;
			buildActionMask = 2147483647;
			files = (
				27BCC43E278BCE3A0025D057 /* MboxTestProjTests.m in Sources */,
			);
			runOnlyForDeploymentPostprocessing = 0;
		};
		27BCC43F278BCE3A0025D057 /* Sources */ = {
			isa = PBXSourcesBuildPhase;
			buildActionMask = 2147483647;
			files = (
				27BCC44A278BCE3A0025D057 /* MboxTestProjUITestsLaunchTests.m in Sources */,
				27BCC448278BCE3A0025D057 /* MboxTestProjUITests.m in Sources */,
			);
			runOnlyForDeploymentPostprocessing = 0;
		};
/* End PBXSourcesBuildPhase section */

/* Begin PBXTargetDependency section */
		27BCC43B278BCE3A0025D057 /* PBXTargetDependency */ = {
			isa = PBXTargetDependency;
			target = 27BCC41D278BCE380025D057 /* MboxTestProj */;
			targetProxy = 27BCC43A278BCE3A0025D057 /* PBXContainerItemProxy */;
		};
		27BCC445278BCE3A0025D057 /* PBXTargetDependency */ = {
			isa = PBXTargetDependency;
			target = 27BCC41D278BCE380025D057 /* MboxTestProj */;
			targetProxy = 27BCC444278BCE3A0025D057 /* PBXContainerItemProxy */;
		};
/* End PBXTargetDependency section */

/* Begin PBXVariantGroup section */
		27BCC42A278BCE380025D057 /* Main.storyboard */ = {
			isa = PBXVariantGroup;
			children = (
				27BCC42B278BCE380025D057 /* Base */,
			);
			name = Main.storyboard;
			sourceTree = "<group>";
		};
		27BCC42F278BCE3A0025D057 /* LaunchScreen.storyboard */ = {
			isa = PBXVariantGroup;
			children = (
				27BCC430278BCE3A0025D057 /* Base */,
			);
			name = LaunchScreen.storyboard;
			sourceTree = "<group>";
		};
/* End PBXVariantGroup section */

/* Begin XCBuildConfiguration section */
		27BCC44B278BCE3A0025D057 /* Debug */ = {
			isa = XCBuildConfiguration;
			buildSettings = {
				ALWAYS_SEARCH_USER_PATHS = NO;
				CLANG_ANALYZER_NONNULL = YES;
				CLANG_ANALYZER_NUMBER_OBJECT_CONVERSION = YES_AGGRESSIVE;
				CLANG_CXX_LANGUAGE_STANDARD = "gnu++17";
				CLANG_CXX_LIBRARY = "libc++";
				CLANG_ENABLE_MODULES = YES;
				CLANG_ENABLE_OBJC_ARC = YES;
				CLANG_ENABLE_OBJC_WEAK = YES;
				CLANG_WARN_BLOCK_CAPTURE_AUTORELEASING = YES;
				CLANG_WARN_BOOL_CONVERSION = YES;
				CLANG_WARN_COMMA = YES;
				CLANG_WARN_CONSTANT_CONVERSION = YES;
				CLANG_WARN_DEPRECATED_OBJC_IMPLEMENTATIONS = YES;
				CLANG_WARN_DIRECT_OBJC_ISA_USAGE = YES_ERROR;
				CLANG_WARN_DOCUMENTATION_COMMENTS = YES;
				CLANG_WARN_EMPTY_BODY = YES;
				CLANG_WARN_ENUM_CONVERSION = YES;
				CLANG_WARN_INFINITE_RECURSION = YES;
				CLANG_WARN_INT_CONVERSION = YES;
				CLANG_WARN_NON_LITERAL_NULL_CONVERSION = YES;
				CLANG_WARN_OBJC_IMPLICIT_RETAIN_SELF = YES;
				CLANG_WARN_OBJC_LITERAL_CONVERSION = YES;
				CLANG_WARN_OBJC_ROOT_CLASS = YES_ERROR;
				CLANG_WARN_QUOTED_INCLUDE_IN_FRAMEWORK_HEADER = YES;
				CLANG_WARN_RANGE_LOOP_ANALYSIS = YES;
				CLANG_WARN_STRICT_PROTOTYPES = YES;
				CLANG_WARN_SUSPICIOUS_MOVE = YES;
				CLANG_WARN_UNGUARDED_AVAILABILITY = YES_AGGRESSIVE;
				CLANG_WARN_UNREACHABLE_CODE = YES;
				CLANG_WARN__DUPLICATE_METHOD_MATCH = YES;
				COPY_PHASE_STRIP = NO;
				DEBUG_INFORMATION_FORMAT = dwarf;
				ENABLE_STRICT_OBJC_MSGSEND = YES;
				ENABLE_TESTABILITY = YES;
				GCC_C_LANGUAGE_STANDARD = gnu11;
				GCC_DYNAMIC_NO_PIC = NO;
				GCC_NO_COMMON_BLOCKS = YES;
				GCC_OPTIMIZATION_LEVEL = 0;
				GCC_PREPROCESSOR_DEFINITIONS = (
					"DEBUG=1",
					"$(inherited)",
				);
				GCC_WARN_64_TO_32_BIT_CONVERSION = YES;
				GCC_WARN_ABOUT_RETURN_TYPE = YES_ERROR;
				GCC_WARN_UNDECLARED_SELECTOR = YES;
				GCC_WARN_UNINITIALIZED_AUTOS = YES_AGGRESSIVE;
				GCC_WARN_UNUSED_FUNCTION = YES;
				GCC_WARN_UNUSED_VARIABLE = YES;
				IPHONEOS_DEPLOYMENT_TARGET = 15.2;
				MTL_ENABLE_DEBUG_INFO = INCLUDE_SOURCE;
				MTL_FAST_MATH = YES;
				ONLY_ACTIVE_ARCH = YES;
				SDKROOT = iphoneos;
			};
			name = Debug;
		};
		27BCC44C278BCE3A0025D057 /* Release */ = {
			isa = XCBuildConfiguration;
			buildSettings = {
				ALWAYS_SEARCH_USER_PATHS = NO;
				CLANG_ANALYZER_NONNULL = YES;
				CLANG_ANALYZER_NUMBER_OBJECT_CONVERSION = YES_AGGRESSIVE;
				CLANG_CXX_LANGUAGE_STANDARD = "gnu++17";
				CLANG_CXX_LIBRARY = "libc++";
				CLANG_ENABLE_MODULES = YES;
				CLANG_ENABLE_OBJC_ARC = YES;
				CLANG_ENABLE_OBJC_WEAK = YES;
				CLANG_WARN_BLOCK_CAPTURE_AUTORELEASING = YES;
				CLANG_WARN_BOOL_CONVERSION = YES;
				CLANG_WARN_COMMA = YES;
				CLANG_WARN_CONSTANT_CONVERSION = YES;
				CLANG_WARN_DEPRECATED_OBJC_IMPLEMENTATIONS = YES;
				CLANG_WARN_DIRECT_OBJC_ISA_USAGE = YES_ERROR;
				CLANG_WARN_DOCUMENTATION_COMMENTS = YES;
				CLANG_WARN_EMPTY_BODY = YES;
				CLANG_WARN_ENUM_CONVERSION = YES;
				CLANG_WARN_INFINITE_RECURSION = YES;
				CLANG_WARN_INT_CONVERSION = YES;
				CLANG_WARN_NON_LITERAL_NULL_CONVERSION = YES;
				CLANG_WARN_OBJC_IMPLICIT_RETAIN_SELF = YES;
				CLANG_WARN_OBJC_LITERAL_CONVERSION = YES;
				CLANG_WARN_OBJC_ROOT_CLASS = YES_ERROR;
				CLANG_WARN_QUOTED_INCLUDE_IN_FRAMEWORK_HEADER = YES;
				CLANG_WARN_RANGE_LOOP_ANALYSIS = YES;
				CLANG_WARN_STRICT_PROTOTYPES = YES;
				CLANG_WARN_SUSPICIOUS_MOVE = YES;
				CLANG_WARN_UNGUARDED_AVAILABILITY = YES_AGGRESSIVE;
				CLANG_WARN_UNREACHABLE_CODE = YES;
				CLANG_WARN__DUPLICATE_METHOD_MATCH = YES;
				COPY_PHASE_STRIP = NO;
				DEBUG_INFORMATION_FORMAT = "dwarf-with-dsym";
				ENABLE_NS_ASSERTIONS = NO;
				ENABLE_STRICT_OBJC_MSGSEND = YES;
				GCC_C_LANGUAGE_STANDARD = gnu11;
				GCC_NO_COMMON_BLOCKS = YES;
				GCC_WARN_64_TO_32_BIT_CONVERSION = YES;
				GCC_WARN_ABOUT_RETURN_TYPE = YES_ERROR;
				GCC_WARN_UNDECLARED_SELECTOR = YES;
				GCC_WARN_UNINITIALIZED_AUTOS = YES_AGGRESSIVE;
				GCC_WARN_UNUSED_FUNCTION = YES;
				GCC_WARN_UNUSED_VARIABLE = YES;
				IPHONEOS_DEPLOYMENT_TARGET = 15.2;
				MTL_ENABLE_DEBUG_INFO = NO;
				MTL_FAST_MATH = YES;
				SDKROOT = iphoneos;
				VALIDATE_PRODUCT = YES;
			};
			name = Release;
		};
		27BCC44E278BCE3A0025D057 /* Debug */ = {
			isa = XCBuildConfiguration;
			buildSettings = {
				ASSETCATALOG_COMPILER_APPICON_NAME = AppIcon;
				ASSETCATALOG_COMPILER_GLOBAL_ACCENT_COLOR_NAME = AccentColor;
				CODE_SIGN_STYLE = Automatic;
				CURRENT_PROJECT_VERSION = 1;
				GENERATE_INFOPLIST_FILE = YES;
				INFOPLIST_FILE = MboxTestProj/Info.plist;
				INFOPLIST_KEY_UIApplicationSupportsIndirectInputEvents = YES;
				INFOPLIST_KEY_UILaunchStoryboardName = LaunchScreen;
				INFOPLIST_KEY_UIMainStoryboardFile = Main;
				INFOPLIST_KEY_UISupportedInterfaceOrientations_iPad = "UIInterfaceOrientationPortrait UIInterfaceOrientationPortraitUpsideDown UIInterfaceOrientationLandscapeLeft UIInterfaceOrientationLandscapeRight";
				INFOPLIST_KEY_UISupportedInterfaceOrientations_iPhone = "UIInterfaceOrientationPortrait UIInterfaceOrientationLandscapeLeft UIInterfaceOrientationLandscapeRight";
				LD_RUNPATH_SEARCH_PATHS = (
					"$(inherited)",
					"@executable_path/Frameworks",
				);
				MARKETING_VERSION = 1.0;
				PRODUCT_BUNDLE_IDENTIFIER = com..MboxTestProj;
				PRODUCT_NAME = "$(TARGET_NAME)";
				SWIFT_EMIT_LOC_STRINGS = YES;
				TARGETED_DEVICE_FAMILY = "1,2";
			};
			name = Debug;
		};
		27BCC44F278BCE3A0025D057 /* Release */ = {
			isa = XCBuildConfiguration;
			buildSettings = {
				ASSETCATALOG_COMPILER_APPICON_NAME = AppIcon;
				ASSETCATALOG_COMPILER_GLOBAL_ACCENT_COLOR_NAME = AccentColor;
				CODE_SIGN_STYLE = Automatic;
				CURRENT_PROJECT_VERSION = 1;
				GENERATE_INFOPLIST_FILE = YES;
				INFOPLIST_FILE = MboxTestProj/Info.plist;
				INFOPLIST_KEY_UIApplicationSupportsIndirectInputEvents = YES;
				INFOPLIST_KEY_UILaunchStoryboardName = LaunchScreen;
				INFOPLIST_KEY_UIMainStoryboardFile = Main;
				INFOPLIST_KEY_UISupportedInterfaceOrientations_iPad = "UIInterfaceOrientationPortrait UIInterfaceOrientationPortraitUpsideDown UIInterfaceOrientationLandscapeLeft UIInterfaceOrientationLandscapeRight";
				INFOPLIST_KEY_UISupportedInterfaceOrientations_iPhone = "UIInterfaceOrientationPortrait UIInterfaceOrientationLandscapeLeft UIInterfaceOrientationLandscapeRight";
				LD_RUNPATH_SEARCH_PATHS = (
					"$(inherited)",
					"@executable_path/Frameworks",
				);
				MARKETING_VERSION = 1.0;
				PRODUCT_BUNDLE_IDENTIFIER = com..MboxTestProj;
				PRODUCT_NAME = "$(TARGET_NAME)";
				SWIFT_EMIT_LOC_STRINGS = YES;
				TARGETED_DEVICE_FAMILY = "1,2";
			};
			name = Release;
		};
		27BCC451278BCE3A0025D057 /* Debug */ = {
			isa = XCBuildConfiguration;
			buildSettings = {
				BUNDLE_LOADER = "$(TEST_HOST)";
				CODE_SIGN_STYLE = Automatic;
				CURRENT_PROJECT_VERSION = 1;
				GENERATE_INFOPLIST_FILE = YES;
				IPHONEOS_DEPLOYMENT_TARGET = 15.2;
				MARKETING_VERSION = 1.0;
				PRODUCT_BUNDLE_IDENTIFIER = com..MboxTestProjTests;
				PRODUCT_NAME = "$(TARGET_NAME)";
				SWIFT_EMIT_LOC_STRINGS = NO;
				TARGETED_DEVICE_FAMILY = "1,2";
				TEST_HOST = "$(BUILT_PRODUCTS_DIR)/MboxTestProj.app/MboxTestProj";
			};
			name = Debug;
		};
		27BCC452278BCE3A0025D057 /* Release */ = {
			isa = XCBuildConfiguration;
			buildSettings = {
				BUNDLE_LOADER = "$(TEST_HOST)";
				CODE_SIGN_STYLE = Automatic;
				CURRENT_PROJECT_VERSION = 1;
				GENERATE_INFOPLIST_FILE = YES;
				IPHONEOS_DEPLOYMENT_TARGET = 15.2;
				MARKETING_VERSION = 1.0;
				PRODUCT_BUNDLE_IDENTIFIER = com..MboxTestProjTests;
				PRODUCT_NAME = "$(TARGET_NAME)";
				SWIFT_EMIT_LOC_STRINGS = NO;
				TARGETED_DEVICE_FAMILY = "1,2";
				TEST_HOST = "$(BUILT_PRODUCTS_DIR)/MboxTestProj.app/MboxTestProj";
			};
			name = Release;
		};
		27BCC454278BCE3A0025D057 /* Debug */ = {
			isa = XCBuildConfiguration;
			buildSettings = {
				CODE_SIGN_STYLE = Automatic;
				CURRENT_PROJECT_VERSION = 1;
				GENERATE_INFOPLIST_FILE = YES;
				MARKETING_VERSION = 1.0;
				PRODUCT_BUNDLE_IDENTIFIER = com..MboxTestProjUITests;
				PRODUCT_NAME = "$(TARGET_NAME)";
				SWIFT_EMIT_LOC_STRINGS = NO;
				TARGETED_DEVICE_FAMILY = "1,2";
				TEST_TARGET_NAME = MboxTestProj;
			};
			name = Debug;
		};
		27BCC455278BCE3A0025D057 /* Release */ = {
			isa = XCBuildConfiguration;
			buildSettings = {
				CODE_SIGN_STYLE = Automatic;
				CURRENT_PROJECT_VERSION = 1;
				GENERATE_INFOPLIST_FILE = YES;
				MARKETING_VERSION = 1.0;
				PRODUCT_BUNDLE_IDENTIFIER = com..MboxTestProjUITests;
				PRODUCT_NAME = "$(TARGET_NAME)";
				SWIFT_EMIT_LOC_STRINGS = NO;
				TARGETED_DEVICE_FAMILY = "1,2";
				TEST_TARGET_NAME = MboxTestProj;
			};
			name = Release;
		};
/* End XCBuildConfiguration section */

/* Begin XCConfigurationList section */
		27BCC419278BCE380025D057 /* Build configuration list for PBXProject "MboxTestProj" */ = {
			isa = XCConfigurationList;
			buildConfigurations = (
				27BCC44B278BCE3A0025D057 /* Debug */,
				27BCC44C278BCE3A0025D057 /* Release */,
			);
			defaultConfigurationIsVisible = 0;
			defaultConfigurationName = Release;
		};
		27BCC44D278BCE3A0025D057 /* Build configuration list for PBXNativeTarget "MboxTestProj" */ = {
			isa = XCConfigurationList;
			buildConfigurations = (
				27BCC44E278BCE3A0025D057 /* Debug */,
				27BCC44F278BCE3A0025D057 /* Release */,
			);
			defaultConfigurationIsVisible = 0;
			defaultConfigurationName = Release;
		};
		27BCC450278BCE3A0025D057 /* Build configuration list for PBXNativeTarget "MboxTestProjTests" */ = {
			isa = XCConfigurationList;
			buildConfigurations = (
				27BCC451278BCE3A0025D057 /* Debug */,
				27BCC452278BCE3A0025D057 /* Release */,
			);
			defaultConfigurationIsVisible = 0;
			defaultConfigurationName = Release;
		};
		27BCC453278BCE3A0025D057 /* Build configuration list for PBXNativeTarget "MboxTestProjUITests" */ = {
			isa = XCConfigurationList;
			buildConfigurations = (
				27BCC454278BCE3A0025D057 /* Debug */,
				27BCC455278BCE3A0025D057 /* Release */,
			);
			defaultConfigurationIsVisible = 0;
			defaultConfigurationName = Release;
		};
/* End XCConfigurationList section */
	};
	rootObject = 27BCC416278BCE380025D057 /* Project object */;
}
